<Solution>
  <Folder Name="/Via360-Backend/">
    <Project Path="Via360-Backend/Via360.API/Via360.API.csproj" />
  </Folder>
  <Project Path="Via360-App/Via360.App.csproj">
    <Deploy Solution="Debug|*" />
  </Project>
  <Project Path="Via360.Shared/Via360.Shared.csproj" Id="b171e8d1-75e6-414a-a1de-e60407b98baf" />
</Solution>
